
Microsoft Visual Studio Solution File, Format Version 12.00
# Visual Studio 15
VisualStudioVersion = 15.0.27130.2027
MinimumVisualStudioVersion = 10.0.40219.1
Project("{8BC9CEB8-8B4A-11D0-8D11-00A0C91BC942}") = "P22025_TopEngBatteryAppearanceInspection", "P22025_TopEngBatteryAppearanceInspection.vcxproj", "{CDDA6A0D-64E8-4C7C-AF03-DC29FDB4B110}"
EndProject
Global
	GlobalSection(SolutionConfigurationPlatforms) = preSolution
		Debug|x64 = Debug|x64
		Debug|x86 = Debug|x86
		Release|x64 = Release|x64
		Release|x86 = Release|x86
	EndGlobalSection
	GlobalSection(ProjectConfigurationPlatforms) = postSolution
		{CDDA6A0D-64E8-4C7C-AF03-DC29FDB4B110}.Debug|x64.ActiveCfg = Debug|x64
		{CDDA6A0D-64E8-4C7C-AF03-DC29FDB4B110}.Debug|x64.Build.0 = Debug|x64
		{CDDA6A0D-64E8-4C7C-AF03-DC29FDB4B110}.Debug|x86.ActiveCfg = Debug|Win32
		{CDDA6A0D-64E8-4C7C-AF03-DC29FDB4B110}.Debug|x86.Build.0 = Debug|Win32
		{CDDA6A0D-64E8-4C7C-AF03-DC29FDB4B110}.Release|x64.ActiveCfg = Release|x64
		{CDDA6A0D-64E8-4C7C-AF03-DC29FDB4B110}.Release|x64.Build.0 = Release|x64
		{CDDA6A0D-64E8-4C7C-AF03-DC29FDB4B110}.Release|x86.ActiveCfg = Release|Win32
		{CDDA6A0D-64E8-4C7C-AF03-DC29FDB4B110}.Release|x86.Build.0 = Release|Win32
	EndGlobalSection
	GlobalSection(SolutionProperties) = preSolution
		HideSolutionNode = FALSE
	EndGlobalSection
	GlobalSection(ExtensibilityGlobals) = postSolution
		SolutionGuid = {0F32AE27-7E8B-4EE0-A5A5-85CD3CB73222}
	EndGlobalSection
	GlobalSection(TeamFoundationVersionControl) = preSolution
		SccNumberOfProjects = 2
		SccEnterpriseProvider = {4CA58AB2-18FA-4F8D-95D4-32DDF27D184C}
		SccTeamFoundationServer = http://mvtech.co.kr:8080/tfs/raviduser
		SccLocalPath0 = .
		SccProjectUniqueName1 = P22025_TopEngBatteryAppearanceInspection.vcxproj
		SccLocalPath1 = .
	EndGlobalSection
EndGlobal
